// !$*UTF8*$!
{
	archiveVersion = 1;
	classes = {
	};
	objectVersion = 50;
	objects = {

/* Begin PBXBuildFile section */
		1EA0D790240442BE00B3EE63 /* AppDelegate.swift in Sources */ = {isa = PBXBuildFile; fileRef = 1EA0D78F240442BE00B3EE63 /* AppDelegate.swift */; };
		1EA0D792240442BE00B3EE63 /* SceneDelegate.swift in Sources */ = {isa = PBXBuildFile; fileRef = 1EA0D791240442BE00B3EE63 /* SceneDelegate.swift */; };
		1EA0D794240442BE00B3EE63 /* ContentView.swift in Sources */ = {isa = PBXBuildFile; fileRef = 1EA0D793240442BE00B3EE63 /* ContentView.swift */; };
		1EA0D796240442C000B3EE63 /* Assets.xcassets in Resources */ = {isa = PBXBuildFile; fileRef = 1EA0D795240442C000B3EE63 /* Assets.xcassets */; };
		1EA0D799240442C000B3EE63 /* Preview Assets.xcassets in Resources */ = {isa = PBXBuildFile; fileRef = 1EA0D798240442C000B3EE63 /* Preview Assets.xcassets */; };
		1EA0D79C240442C000B3EE63 /* LaunchScreen.storyboard in Resources */ = {isa = PBXBuildFile; fileRef = 1EA0D79A240442C000B3EE63 /* LaunchScreen.storyboard */; };
		1EA0D7A7240442C000B3EE63 /* E_Commerce_AppTests.swift in Sources */ = {isa = PBXBuildFile; fileRef = 1EA0D7A6240442C000B3EE63 /* E_Commerce_AppTests.swift */; };
		1EA0D7B2240442C000B3EE63 /* E_Commerce_AppUITests.swift in Sources */ = {isa = PBXBuildFile; fileRef = 1EA0D7B1240442C000B3EE63 /* E_Commerce_AppUITests.swift */; };
/* End PBXBuildFile section */

/* Begin PBXContainerItemProxy section */
		1EA0D7A3240442C000B3EE63 /* PBXContainerItemProxy */ = {
			isa = PBXContainerItemProxy;
			containerPortal = 1EA0D784240442BE00B3EE63 /* Project object */;
			proxyType = 1;
			remoteGlobalIDString = 1EA0D78B240442BE00B3EE63;
			remoteInfo = "E-Commerce App";
		};
		1EA0D7AE240442C000B3EE63 /* PBXContainerItemProxy */ = {
			isa = PBXContainerItemProxy;
			containerPortal = 1EA0D784240442BE00B3EE63 /* Project object */;
			proxyType = 1;
			remoteGlobalIDString = 1EA0D78B240442BE00B3EE63;
			remoteInfo = "E-Commerce App";
		};
/* End PBXContainerItemProxy section */

/* Begin PBXFileReference section */
		1EA0D78C240442BE00B3EE63 /* E-Commerce App.app */ = {isa = PBXFileReference; explicitFileType = wrapper.application; includeInIndex = 0; path = "E-Commerce App.app"; sourceTree = BUILT_PRODUCTS_DIR; };
		1EA0D78F240442BE00B3EE63 /* AppDelegate.swift */ = {isa = PBXFileReference; lastKnownFileType = sourcecode.swift; path = AppDelegate.swift; sourceTree = "<group>"; };
		1EA0D791240442BE00B3EE63 /* SceneDelegate.swift */ = {isa = PBXFileReference; lastKnownFileType = sourcecode.swift; path = SceneDelegate.swift; sourceTree = "<group>"; };
		1EA0D793240442BE00B3EE63 /* ContentView.swift */ = {isa = PBXFileReference; lastKnownFileType = sourcecode.swift; path = ContentView.swift; sourceTree = "<group>"; };
		1EA0D795240442C000B3EE63 /* Assets.xcassets */ = {isa = PBXFileReference; lastKnownFileType = folder.assetcatalog; path = Assets.xcassets; sourceTree = "<group>"; };
		1EA0D798240442C000B3EE63 /* Preview Assets.xcassets */ = {isa = PBXFileReference; lastKnownFileType = folder.assetcatalog; path = "Preview Assets.xcassets"; sourceTree = "<group>"; };
		1EA0D79B240442C000B3EE63 /* Base */ = {isa = PBXFileReference; lastKnownFileType = file.storyboard; name = Base; path = Base.lproj/LaunchScreen.storyboard; sourceTree = "<group>"; };
		1EA0D79D240442C000B3EE63 /* Info.plist */ = {isa = PBXFileReference; lastKnownFileType = text.plist.xml; path = Info.plist; sourceTree = "<group>"; };
		1EA0D7A2240442C000B3EE63 /* E-Commerce AppTests.xctest */ = {isa = PBXFileReference; explicitFileType = wrapper.cfbundle; includeInIndex = 0; path = "E-Commerce AppTests.xctest"; sourceTree = BUILT_PRODUCTS_DIR; };
		1EA0D7A6240442C000B3EE63 /* E_Commerce_AppTests.swift */ = {isa = PBXFileReference; lastKnownFileType = sourcecode.swift; path = E_Commerce_AppTests.swift; sourceTree = "<group>"; };
		1EA0D7A8240442C000B3EE63 /* Info.plist */ = {isa = PBXFileReference; lastKnownFileType = text.plist.xml; path = Info.plist; sourceTree = "<group>"; };
		1EA0D7AD240442C000B3EE63 /* E-Commerce AppUITests.xctest */ = {isa = PBXFileReference; explicitFileType = wrapper.cfbundle; includeInIndex = 0; path = "E-Commerce AppUITests.xctest"; sourceTree = BUILT_PRODUCTS_DIR; };
		1EA0D7B1240442C000B3EE63 /* E_Commerce_AppUITests.swift */ = {isa = PBXFileReference; lastKnownFileType = sourcecode.swift; path = E_Commerce_AppUITests.swift; sourceTree = "<group>"; };
		1EA0D7B3240442C000B3EE63 /* Info.plist */ = {isa = PBXFileReference; lastKnownFileType = text.plist.xml; path = Info.plist; sourceTree = "<group>"; };
/* End PBXFileReference section */

/* Begin PBXFrameworksBuildPhase section */
		1EA0D789240442BE00B3EE63 /* Frameworks */ = {
			isa = PBXFrameworksBuildPhase;
			buildActionMask = 2147483647;
			files = (
			);
			runOnlyForDeploymentPostprocessing = 0;
		};
		1EA0D79F240442C000B3EE63 /* Frameworks */ = {
			isa = PBXFrameworksBuildPhase;
			buildActionMask = 2147483647;
			files = (
			);
			runOnlyForDeploymentPostprocessing = 0;
		};
		1EA0D7AA240442C000B3EE63 /* Frameworks */ = {
			isa = PBXFrameworksBuildPhase;
			buildActionMask = 2147483647;
			files = (
			);
			runOnlyForDeploymentPostprocessing = 0;
		};
/* End PBXFrameworksBuildPhase section */

/* Begin PBXGroup section */
		1EA0D783240442BE00B3EE63 = {
			isa = PBXGroup;
			children = (
				1EA0D78E240442BE00B3EE63 /* E-Commerce App */,
				1EA0D7A5240442C000B3EE63 /* E-Commerce AppTests */,
				1EA0D7B0240442C000B3EE63 /* E-Commerce AppUITests */,
				1EA0D78D240442BE00B3EE63 /* Products */,
			);
			sourceTree = "<group>";
		};
		1EA0D78D240442BE00B3EE63 /* Products */ = {
			isa = PBXGroup;
			children = (
				1EA0D78C240442BE00B3EE63 /* E-Commerce App.app */,
				1EA0D7A2240442C000B3EE63 /* E-Commerce AppTests.xctest */,
				1EA0D7AD240442C000B3EE63 /* E-Commerce AppUITests.xctest */,
			);
			name = Products;
			sourceTree = "<group>";
		};
		1EA0D78E240442BE00B3EE63 /* E-Commerce App */ = {
			isa = PBXGroup;
			children = (
				1EA0D78F240442BE00B3EE63 /* AppDelegate.swift */,
				1EA0D791240442BE00B3EE63 /* SceneDelegate.swift */,
				1EA0D793240442BE00B3EE63 /* ContentView.swift */,
				1EA0D795240442C000B3EE63 /* Assets.xcassets */,
				1EA0D79A240442C000B3EE63 /* LaunchScreen.storyboard */,
				1EA0D79D240442C000B3EE63 /* Info.plist */,
				1EA0D797240442C000B3EE63 /* Preview Content */,
			);
			path = "E-Commerce App";
			sourceTree = "<group>";
		};
		1EA0D797240442C000B3EE63 /* Preview Content */ = {
			isa = PBXGroup;
			children = (
				1EA0D798240442C000B3EE63 /* Preview Assets.xcassets */,
			);
			path = "Preview Content";
			sourceTree = "<group>";
		};
		1EA0D7A5240442C000B3EE63 /* E-Commerce AppTests */ = {
			isa = PBXGroup;
			children = (
				1EA0D7A6240442C000B3EE63 /* E_Commerce_AppTests.swift */,
				1EA0D7A8240442C000B3EE63 /* Info.plist */,
			);
			path = "E-Commerce AppTests";
			sourceTree = "<group>";
		};
		1EA0D7B0240442C000B3EE63 /* E-Commerce AppUITests */ = {
			isa = PBXGroup;
			children = (
				1EA0D7B1240442C000B3EE63 /* E_Commerce_AppUITests.swift */,
				1EA0D7B3240442C000B3EE63 /* Info.plist */,
			);
			path = "E-Commerce AppUITests";
			sourceTree = "<group>";
		};
/* End PBXGroup section */

/* Begin PBXNativeTarget section */
		1EA0D78B240442BE00B3EE63 /* E-Commerce App */ = {
			isa = PBXNativeTarget;
			buildConfigurationList = 1EA0D7B6240442C000B3EE63 /* Build configuration list for PBXNativeTarget "E-Commerce App" */;
			buildPhases = (
				1EA0D788240442BE00B3EE63 /* Sources */,
				1EA0D789240442BE00B3EE63 /* Frameworks */,
				1EA0D78A240442BE00B3EE63 /* Resources */,
			);
			buildRules = (
			);
			dependencies = (
			);
			name = "E-Commerce App";
			productName = "E-Commerce App";
			productReference = 1EA0D78C240442BE00B3EE63 /* E-Commerce App.app */;
			productType = "com.apple.product-type.application";
		};
		1EA0D7A1240442C000B3EE63 /* E-Commerce AppTests */ = {
			isa = PBXNativeTarget;
			buildConfigurationList = 1EA0D7B9240442C000B3EE63 /* Build configuration list for PBXNativeTarget "E-Commerce AppTests" */;
			buildPhases = (
				1EA0D79E240442C000B3EE63 /* Sources */,
				1EA0D79F240442C000B3EE63 /* Frameworks */,
				1EA0D7A0240442C000B3EE63 /* Resources */,
			);
			buildRules = (
			);
			dependencies = (
				1EA0D7A4240442C000B3EE63 /* PBXTargetDependency */,
			);
			name = "E-Commerce AppTests";
			productName = "E-Commerce AppTests";
			productReference = 1EA0D7A2240442C000B3EE63 /* E-Commerce AppTests.xctest */;
			productType = "com.apple.product-type.bundle.unit-test";
		};
		1EA0D7AC240442C000B3EE63 /* E-Commerce AppUITests */ = {
			isa = PBXNativeTarget;
			buildConfigurationList = 1EA0D7BC240442C000B3EE63 /* Build configuration list for PBXNativeTarget "E-Commerce AppUITests" */;
			buildPhases = (
				1EA0D7A9240442C000B3EE63 /* Sources */,
				1EA0D7AA240442C000B3EE63 /* Frameworks */,
				1EA0D7AB240442C000B3EE63 /* Resources */,
			);
			buildRules = (
			);
			dependencies = (
				1EA0D7AF240442C000B3EE63 /* PBXTargetDependency */,
			);
			name = "E-Commerce AppUITests";
			productName = "E-Commerce AppUITests";
			productReference = 1EA0D7AD240442C000B3EE63 /* E-Commerce AppUITests.xctest */;
			productType = "com.apple.product-type.bundle.ui-testing";
		};
/* End PBXNativeTarget section */

/* Begin PBXProject section */
		1EA0D784240442BE00B3EE63 /* Project object */ = {
			isa = PBXProject;
			attributes = {
				LastSwiftUpdateCheck = 1130;
				LastUpgradeCheck = 1130;
				ORGANIZATIONNAME = "Alaa Abu Taha";
				TargetAttributes = {
					1EA0D78B240442BE00B3EE63 = {
						CreatedOnToolsVersion = 11.3.1;
					};
					1EA0D7A1240442C000B3EE63 = {
						CreatedOnToolsVersion = 11.3.1;
						TestTargetID = 1EA0D78B240442BE00B3EE63;
					};
					1EA0D7AC240442C000B3EE63 = {
						CreatedOnToolsVersion = 11.3.1;
						TestTargetID = 1EA0D78B240442BE00B3EE63;
					};
				};
			};
			buildConfigurationList = 1EA0D787240442BE00B3EE63 /* Build configuration list for PBXProject "E-Commerce App" */;
			compatibilityVersion = "Xcode 9.3";
			developmentRegion = en;
			hasScannedForEncodings = 0;
			knownRegions = (
				en,
				Base,
			);
			mainGroup = 1EA0D783240442BE00B3EE63;
			productRefGroup = 1EA0D78D240442BE00B3EE63 /* Products */;
			projectDirPath = "";
			projectRoot = "";
			targets = (
				1EA0D78B240442BE00B3EE63 /* E-Commerce App */,
				1EA0D7A1240442C000B3EE63 /* E-Commerce AppTests */,
				1EA0D7AC240442C000B3EE63 /* E-Commerce AppUITests */,
			);
		};
/* End PBXProject section */

/* Begin PBXResourcesBuildPhase section */
		1EA0D78A240442BE00B3EE63 /* Resources */ = {
			isa = PBXResourcesBuildPhase;
			buildActionMask = 2147483647;
			files = (
				1EA0D79C240442C000B3EE63 /* LaunchScreen.storyboard in Resources */,
				1EA0D799240442C000B3EE63 /* Preview Assets.xcassets in Resources */,
				1EA0D796240442C000B3EE63 /* Assets.xcassets in Resources */,
			);
			runOnlyForDeploymentPostprocessing = 0;
		};
		1EA0D7A0240442C000B3EE63 /* Resources */ = {
			isa = PBXResourcesBuildPhase;
			buildActionMask = 2147483647;
			files = (
			);
			runOnlyForDeploymentPostprocessing = 0;
		};
		1EA0D7AB240442C000B3EE63 /* Resources */ = {
			isa = PBXResourcesBuildPhase;
			buildActionMask = 2147483647;
			files = (
			);
			runOnlyForDeploymentPostprocessing = 0;
		};
/* End PBXResourcesBuildPhase section */

/* Begin PBXSourcesBuildPhase section */
		1EA0D788240442BE00B3EE63 /* Sources */ = {
			isa = PBXSourcesBuildPhase;
			buildActionMask = 2147483647;
			files = (
				1EA0D790240442BE00B3EE63 /* AppDelegate.swift in Sources */,
				1EA0D792240442BE00B3EE63 /* SceneDelegate.swift in Sources */,
				1EA0D794240442BE00B3EE63 /* ContentView.swift in Sources */,
			);
			runOnlyForDeploymentPostprocessing = 0;
		};
		1EA0D79E240442C000B3EE63 /* Sources */ = {
			isa = PBXSourcesBuildPhase;
			buildActionMask = 2147483647;
			files = (
				1EA0D7A7240442C000B3EE63 /* E_Commerce_AppTests.swift in Sources */,
			);
			runOnlyForDeploymentPostprocessing = 0;
		};
		1EA0D7A9240442C000B3EE63 /* Sources */ = {
			isa = PBXSourcesBuildPhase;
			buildActionMask = 2147483647;
			files = (
				1EA0D7B2240442C000B3EE63 /* E_Commerce_AppUITests.swift in Sources */,
			);
			runOnlyForDeploymentPostprocessing = 0;
		};
/* End PBXSourcesBuildPhase section */

/* Begin PBXTargetDependency section */
		1EA0D7A4240442C000B3EE63 /* PBXTargetDependency */ = {
			isa = PBXTargetDependency;
			target = 1EA0D78B240442BE00B3EE63 /* E-Commerce App */;
			targetProxy = 1EA0D7A3240442C000B3EE63 /* PBXContainerItemProxy */;
		};
		1EA0D7AF240442C000B3EE63 /* PBXTargetDependency */ = {
			isa = PBXTargetDependency;
			target = 1EA0D78B240442BE00B3EE63 /* E-Commerce App */;
			targetProxy = 1EA0D7AE240442C000B3EE63 /* PBXContainerItemProxy */;
		};
/* End PBXTargetDependency section */

/* Begin PBXVariantGroup section */
		1EA0D79A240442C000B3EE63 /* LaunchScreen.storyboard */ = {
			isa = PBXVariantGroup;
			children = (
				1EA0D79B240442C000B3EE63 /* Base */,
			);
			name = LaunchScreen.storyboard;
			sourceTree = "<group>";
		};
/* End PBXVariantGroup section */

/* Begin XCBuildConfiguration section */
		1EA0D7B4240442C000B3EE63 /* Debug */ = {
			isa = XCBuildConfiguration;
			buildSettings = {
				ALWAYS_SEARCH_USER_PATHS = NO;
				CLANG_ANALYZER_NONNULL = YES;
				CLANG_ANALYZER_NUMBER_OBJECT_CONVERSION = YES_AGGRESSIVE;
				CLANG_CXX_LANGUAGE_STANDARD = "gnu++14";
				CLANG_CXX_LIBRARY = "libc++";
				CLANG_ENABLE_MODULES = YES;
				CLANG_ENABLE_OBJC_ARC = YES;
				CLANG_ENABLE_OBJC_WEAK = YES;
				CLANG_WARN_BLOCK_CAPTURE_AUTORELEASING = YES;
				CLANG_WARN_BOOL_CONVERSION = YES;
				CLANG_WARN_COMMA = YES;
				CLANG_WARN_CONSTANT_CONVERSION = YES;
				CLANG_WARN_DEPRECATED_OBJC_IMPLEMENTATIONS = YES;
				CLANG_WARN_DIRECT_OBJC_ISA_USAGE = YES_ERROR;
				CLANG_WARN_DOCUMENTATION_COMMENTS = YES;
				CLANG_WARN_EMPTY_BODY = YES;
				CLANG_WARN_ENUM_CONVERSION = YES;
				CLANG_WARN_INFINITE_RECURSION = YES;
				CLANG_WARN_INT_CONVERSION = YES;
				CLANG_WARN_NON_LITERAL_NULL_CONVERSION = YES;
				CLANG_WARN_OBJC_IMPLICIT_RETAIN_SELF = YES;
				CLANG_WARN_OBJC_LITERAL_CONVERSION = YES;
				CLANG_WARN_OBJC_ROOT_CLASS = YES_ERROR;
				CLANG_WARN_RANGE_LOOP_ANALYSIS = YES;
				CLANG_WARN_STRICT_PROTOTYPES = YES;
				CLANG_WARN_SUSPICIOUS_MOVE = YES;
				CLANG_WARN_UNGUARDED_AVAILABILITY = YES_AGGRESSIVE;
				CLANG_WARN_UNREACHABLE_CODE = YES;
				CLANG_WARN__DUPLICATE_METHOD_MATCH = YES;
				COPY_PHASE_STRIP = NO;
				DEBUG_INFORMATION_FORMAT = dwarf;
				ENABLE_STRICT_OBJC_MSGSEND = YES;
				ENABLE_TESTABILITY = YES;
				GCC_C_LANGUAGE_STANDARD = gnu11;
				GCC_DYNAMIC_NO_PIC = NO;
				GCC_NO_COMMON_BLOCKS = YES;
				GCC_OPTIMIZATION_LEVEL = 0;
				GCC_PREPROCESSOR_DEFINITIONS = (
					"DEBUG=1",
					"$(inherited)",
				);
				GCC_WARN_64_TO_32_BIT_CONVERSION = YES;
				GCC_WARN_ABOUT_RETURN_TYPE = YES_ERROR;
				GCC_WARN_UNDECLARED_SELECTOR = YES;
				GCC_WARN_UNINITIALIZED_AUTOS = YES_AGGRESSIVE;
				GCC_WARN_UNUSED_FUNCTION = YES;
				GCC_WARN_UNUSED_VARIABLE = YES;
				IPHONEOS_DEPLOYMENT_TARGET = 13.2;
				MTL_ENABLE_DEBUG_INFO = INCLUDE_SOURCE;
				MTL_FAST_MATH = YES;
				ONLY_ACTIVE_ARCH = YES;
				SDKROOT = iphoneos;
				SWIFT_ACTIVE_COMPILATION_CONDITIONS = DEBUG;
				SWIFT_OPTIMIZATION_LEVEL = "-Onone";
			};
			name = Debug;
		};
		1EA0D7B5240442C000B3EE63 /* Release */ = {
			isa = XCBuildConfiguration;
			buildSettings = {
				ALWAYS_SEARCH_USER_PATHS = NO;
				CLANG_ANALYZER_NONNULL = YES;
				CLANG_ANALYZER_NUMBER_OBJECT_CONVERSION = YES_AGGRESSIVE;
				CLANG_CXX_LANGUAGE_STANDARD = "gnu++14";
				CLANG_CXX_LIBRARY = "libc++";
				CLANG_ENABLE_MODULES = YES;
				CLANG_ENABLE_OBJC_ARC = YES;
				CLANG_ENABLE_OBJC_WEAK = YES;
				CLANG_WARN_BLOCK_CAPTURE_AUTORELEASING = YES;
				CLANG_WARN_BOOL_CONVERSION = YES;
				CLANG_WARN_COMMA = YES;
				CLANG_WARN_CONSTANT_CONVERSION = YES;
				CLANG_WARN_DEPRECATED_OBJC_IMPLEMENTATIONS = YES;
				CLANG_WARN_DIRECT_OBJC_ISA_USAGE = YES_ERROR;
				CLANG_WARN_DOCUMENTATION_COMMENTS = YES;
				CLANG_WARN_EMPTY_BODY = YES;
				CLANG_WARN_ENUM_CONVERSION = YES;
				CLANG_WARN_INFINITE_RECURSION = YES;
				CLANG_WARN_INT_CONVERSION = YES;
				CLANG_WARN_NON_LITERAL_NULL_CONVERSION = YES;
				CLANG_WARN_OBJC_IMPLICIT_RETAIN_SELF = YES;
				CLANG_WARN_OBJC_LITERAL_CONVERSION = YES;
				CLANG_WARN_OBJC_ROOT_CLASS = YES_ERROR;
				CLANG_WARN_RANGE_LOOP_ANALYSIS = YES;
				CLANG_WARN_STRICT_PROTOTYPES = YES;
				CLANG_WARN_SUSPICIOUS_MOVE = YES;
				CLANG_WARN_UNGUARDED_AVAILABILITY = YES_AGGRESSIVE;
				CLANG_WARN_UNREACHABLE_CODE = YES;
				CLANG_WARN__DUPLICATE_METHOD_MATCH = YES;
				COPY_PHASE_STRIP = NO;
				DEBUG_INFORMATION_FORMAT = "dwarf-with-dsym";
				ENABLE_NS_ASSERTIONS = NO;
				ENABLE_STRICT_OBJC_MSGSEND = YES;
				GCC_C_LANGUAGE_STANDARD = gnu11;
				GCC_NO_COMMON_BLOCKS = YES;
				GCC_WARN_64_TO_32_BIT_CONVERSION = YES;
				GCC_WARN_ABOUT_RETURN_TYPE = YES_ERROR;
				GCC_WARN_UNDECLARED_SELECTOR = YES;
				GCC_WARN_UNINITIALIZED_AUTOS = YES_AGGRESSIVE;
				GCC_WARN_UNUSED_FUNCTION = YES;
				GCC_WARN_UNUSED_VARIABLE = YES;
				IPHONEOS_DEPLOYMENT_TARGET = 13.2;
				MTL_ENABLE_DEBUG_INFO = NO;
				MTL_FAST_MATH = YES;
				SDKROOT = iphoneos;
				SWIFT_COMPILATION_MODE = wholemodule;
				SWIFT_OPTIMIZATION_LEVEL = "-O";
				VALIDATE_PRODUCT = YES;
			};
			name = Release;
		};
		1EA0D7B7240442C000B3EE63 /* Debug */ = {
			isa = XCBuildConfiguration;
			buildSettings = {
				ASSETCATALOG_COMPILER_APPICON_NAME = AppIcon;
				CODE_SIGN_STYLE = Automatic;
				DEVELOPMENT_ASSET_PATHS = "\"E-Commerce App/Preview Content\"";
				ENABLE_PREVIEWS = YES;
				INFOPLIST_FILE = "E-Commerce App/Info.plist";
				LD_RUNPATH_SEARCH_PATHS = (
					"$(inherited)",
					"@executable_path/Frameworks",
				);
				PRODUCT_BUNDLE_IDENTIFIER = "com.app-work.scanbarcode.E-Commerce-App";
				PRODUCT_NAME = "$(TARGET_NAME)";
				SWIFT_VERSION = 5.0;
				TARGETED_DEVICE_FAMILY = "1,2";
			};
			name = Debug;
		};
		1EA0D7B8240442C000B3EE63 /* Release */ = {
			isa = XCBuildConfiguration;
			buildSettings = {
				ASSETCATALOG_COMPILER_APPICON_NAME = AppIcon;
				CODE_SIGN_STYLE = Automatic;
				DEVELOPMENT_ASSET_PATHS = "\"E-Commerce App/Preview Content\"";
				ENABLE_PREVIEWS = YES;
				INFOPLIST_FILE = "E-Commerce App/Info.plist";
				LD_RUNPATH_SEARCH_PATHS = (
					"$(inherited)",
					"@executable_path/Frameworks",
				);
				PRODUCT_BUNDLE_IDENTIFIER = "com.app-work.scanbarcode.E-Commerce-App";
				PRODUCT_NAME = "$(TARGET_NAME)";
				SWIFT_VERSION = 5.0;
				TARGETED_DEVICE_FAMILY = "1,2";
			};
			name = Release;
		};
		1EA0D7BA240442C000B3EE63 /* Debug */ = {
			isa = XCBuildConfiguration;
			buildSettings = {
				ALWAYS_EMBED_SWIFT_STANDARD_LIBRARIES = YES;
				BUNDLE_LOADER = "$(TEST_HOST)";
				CODE_SIGN_STYLE = Automatic;
				INFOPLIST_FILE = "E-Commerce AppTests/Info.plist";
				IPHONEOS_DEPLOYMENT_TARGET = 13.2;
				LD_RUNPATH_SEARCH_PATHS = (
					"$(inherited)",
					"@executable_path/Frameworks",
					"@loader_path/Frameworks",
				);
				PRODUCT_BUNDLE_IDENTIFIER = "com.app-work.scanbarcode.E-Commerce-AppTests";
				PRODUCT_NAME = "$(TARGET_NAME)";
				SWIFT_VERSION = 5.0;
				TARGETED_DEVICE_FAMILY = "1,2";
				TEST_HOST = "$(BUILT_PRODUCTS_DIR)/E-Commerce App.app/E-Commerce App";
			};
			name = Debug;
		};
		1EA0D7BB240442C000B3EE63 /* Release */ = {
			isa = XCBuildConfiguration;
			buildSettings = {
				ALWAYS_EMBED_SWIFT_STANDARD_LIBRARIES = YES;
				BUNDLE_LOADER = "$(TEST_HOST)";
				CODE_SIGN_STYLE = Automatic;
				INFOPLIST_FILE = "E-Commerce AppTests/Info.plist";
				IPHONEOS_DEPLOYMENT_TARGET = 13.2;
				LD_RUNPATH_SEARCH_PATHS = (
					"$(inherited)",
					"@executable_path/Frameworks",
					"@loader_path/Frameworks",
				);
				PRODUCT_BUNDLE_IDENTIFIER = "com.app-work.scanbarcode.E-Commerce-AppTests";
				PRODUCT_NAME = "$(TARGET_NAME)";
				SWIFT_VERSION = 5.0;
				TARGETED_DEVICE_FAMILY = "1,2";
				TEST_HOST = "$(BUILT_PRODUCTS_DIR)/E-Commerce App.app/E-Commerce App";
			};
			name = Release;
		};
		1EA0D7BD240442C000B3EE63 /* Debug */ = {
			isa = XCBuildConfiguration;
			buildSettings = {
				ALWAYS_EMBED_SWIFT_STANDARD_LIBRARIES = YES;
				CODE_SIGN_STYLE = Automatic;
				INFOPLIST_FILE = "E-Commerce AppUITests/Info.plist";
				LD_RUNPATH_SEARCH_PATHS = (
					"$(inherited)",
					"@executable_path/Frameworks",
					"@loader_path/Frameworks",
				);
				PRODUCT_BUNDLE_IDENTIFIER = "com.app-work.scanbarcode.E-Commerce-AppUITests";
				PRODUCT_NAME = "$(TARGET_NAME)";
				SWIFT_VERSION = 5.0;
				TARGETED_DEVICE_FAMILY = "1,2";
				TEST_TARGET_NAME = "E-Commerce App";
			};
			name = Debug;
		};
		1EA0D7BE240442C000B3EE63 /* Release */ = {
			isa = XCBuildConfiguration;
			buildSettings = {
				ALWAYS_EMBED_SWIFT_STANDARD_LIBRARIES = YES;
				CODE_SIGN_STYLE = Automatic;
				INFOPLIST_FILE = "E-Commerce AppUITests/Info.plist";
				LD_RUNPATH_SEARCH_PATHS = (
					"$(inherited)",
					"@executable_path/Frameworks",
					"@loader_path/Frameworks",
				);
				PRODUCT_BUNDLE_IDENTIFIER = "com.app-work.scanbarcode.E-Commerce-AppUITests";
				PRODUCT_NAME = "$(TARGET_NAME)";
				SWIFT_VERSION = 5.0;
				TARGETED_DEVICE_FAMILY = "1,2";
				TEST_TARGET_NAME = "E-Commerce App";
			};
			name = Release;
		};
/* End XCBuildConfiguration section */

/* Begin XCConfigurationList section */
		1EA0D787240442BE00B3EE63 /* Build configuration list for PBXProject "E-Commerce App" */ = {
			isa = XCConfigurationList;
			buildConfigurations = (
				1EA0D7B4240442C000B3EE63 /* Debug */,
				1EA0D7B5240442C000B3EE63 /* Release */,
			);
			defaultConfigurationIsVisible = 0;
			defaultConfigurationName = Release;
		};
		1EA0D7B6240442C000B3EE63 /* Build configuration list for PBXNativeTarget "E-Commerce App" */ = {
			isa = XCConfigurationList;
			buildConfigurations = (
				1EA0D7B7240442C000B3EE63 /* Debug */,
				1EA0D7B8240442C000B3EE63 /* Release */,
			);
			defaultConfigurationIsVisible = 0;
			defaultConfigurationName = Release;
		};
		1EA0D7B9240442C000B3EE63 /* Build configuration list for PBXNativeTarget "E-Commerce AppTests" */ = {
			isa = XCConfigurationList;
			buildConfigurations = (
				1EA0D7BA240442C000B3EE63 /* Debug */,
				1EA0D7BB240442C000B3EE63 /* Release */,
			);
			defaultConfigurationIsVisible = 0;
			defaultConfigurationName = Release;
		};
		1EA0D7BC240442C000B3EE63 /* Build configuration list for PBXNativeTarget "E-Commerce AppUITests" */ = {
			isa = XCConfigurationList;
			buildConfigurations = (
				1EA0D7BD240442C000B3EE63 /* Debug */,
				1EA0D7BE240442C000B3EE63 /* Release */,
			);
			defaultConfigurationIsVisible = 0;
			defaultConfigurationName = Release;
		};
/* End XCConfigurationList section */
	};
	rootObject = 1EA0D784240442BE00B3EE63 /* Project object */;
}
